// !$*UTF8*$!
{
	archiveVersion = 1;
	classes = {
	};
	objectVersion = 48;
	objects = {

/* Begin PBXBuildFile section */
		91234E8E20570DC700434770 /* AppDelegate.swift in Sources */ = {isa = PBXBuildFile; fileRef = 91234E8D20570DC700434770 /* AppDelegate.swift */; };
		91234E9020570DC700434770 /* ViewController.swift in Sources */ = {isa = PBXBuildFile; fileRef = 91234E8F20570DC700434770 /* ViewController.swift */; };
		91234E9320570DC700434770 /* Main.storyboard in Resources */ = {isa = PBXBuildFile; fileRef = 91234E9120570DC700434770 /* Main.storyboard */; };
		91234E9520570DC700434770 /* Assets.xcassets in Resources */ = {isa = PBXBuildFile; fileRef = 91234E9420570DC700434770 /* Assets.xcassets */; };
		91234E9820570DC700434770 /* LaunchScreen.storyboard in Resources */ = {isa = PBXBuildFile; fileRef = 91234E9620570DC700434770 /* LaunchScreen.storyboard */; };
		91234EA320570DC700434770 /* RedditClientTests.swift in Sources */ = {isa = PBXBuildFile; fileRef = 91234EA220570DC700434770 /* RedditClientTests.swift */; };
/* End PBXBuildFile section */

/* Begin PBXContainerItemProxy section */
		91234E9F20570DC700434770 /* PBXContainerItemProxy */ = {
			isa = PBXContainerItemProxy;
			containerPortal = 91234E8220570DC700434770 /* Project object */;
			proxyType = 1;
			remoteGlobalIDString = 91234E8920570DC700434770;
			remoteInfo = RedditClient;
		};
/* End PBXContainerItemProxy section */

/* Begin PBXFileReference section */
		91234E8A20570DC700434770 /* RedditClient.app */ = {isa = PBXFileReference; explicitFileType = wrapper.application; includeInIndex = 0; path = RedditClient.app; sourceTree = BUILT_PRODUCTS_DIR; };
		91234E8D20570DC700434770 /* AppDelegate.swift */ = {isa = PBXFileReference; lastKnownFileType = sourcecode.swift; path = AppDelegate.swift; sourceTree = "<group>"; };
		91234E8F20570DC700434770 /* ViewController.swift */ = {isa = PBXFileReference; lastKnownFileType = sourcecode.swift; path = ViewController.swift; sourceTree = "<group>"; };
		91234E9220570DC700434770 /* Base */ = {isa = PBXFileReference; lastKnownFileType = file.storyboard; name = Base; path = Base.lproj/Main.storyboard; sourceTree = "<group>"; };
		91234E9420570DC700434770 /* Assets.xcassets */ = {isa = PBXFileReference; lastKnownFileType = folder.assetcatalog; path = Assets.xcassets; sourceTree = "<group>"; };
		91234E9720570DC700434770 /* Base */ = {isa = PBXFileReference; lastKnownFileType = file.storyboard; name = Base; path = Base.lproj/LaunchScreen.storyboard; sourceTree = "<group>"; };
		91234E9920570DC700434770 /* Info.plist */ = {isa = PBXFileReference; lastKnownFileType = text.plist.xml; path = Info.plist; sourceTree = "<group>"; };
		91234E9E20570DC700434770 /* RedditClientTests.xctest */ = {isa = PBXFileReference; explicitFileType = wrapper.cfbundle; includeInIndex = 0; path = RedditClientTests.xctest; sourceTree = BUILT_PRODUCTS_DIR; };
		91234EA220570DC700434770 /* RedditClientTests.swift */ = {isa = PBXFileReference; lastKnownFileType = sourcecode.swift; path = RedditClientTests.swift; sourceTree = "<group>"; };
		91234EA420570DC700434770 /* Info.plist */ = {isa = PBXFileReference; lastKnownFileType = text.plist.xml; path = Info.plist; sourceTree = "<group>"; };
/* End PBXFileReference section */

/* Begin PBXFrameworksBuildPhase section */
		91234E8720570DC700434770 /* Frameworks */ = {
			isa = PBXFrameworksBuildPhase;
			buildActionMask = 2147483647;
			files = (
			);
			runOnlyForDeploymentPostprocessing = 0;
		};
		91234E9B20570DC700434770 /* Frameworks */ = {
			isa = PBXFrameworksBuildPhase;
			buildActionMask = 2147483647;
			files = (
			);
			runOnlyForDeploymentPostprocessing = 0;
		};
/* End PBXFrameworksBuildPhase section */

/* Begin PBXGroup section */
		91234E8120570DC700434770 = {
			isa = PBXGroup;
			children = (
				91234E8C20570DC700434770 /* RedditClient */,
				91234EA120570DC700434770 /* RedditClientTests */,
				91234E8B20570DC700434770 /* Products */,
			);
			sourceTree = "<group>";
		};
		91234E8B20570DC700434770 /* Products */ = {
			isa = PBXGroup;
			children = (
				91234E8A20570DC700434770 /* RedditClient.app */,
				91234E9E20570DC700434770 /* RedditClientTests.xctest */,
			);
			name = Products;
			sourceTree = "<group>";
		};
		91234E8C20570DC700434770 /* RedditClient */ = {
			isa = PBXGroup;
			children = (
				91234E8D20570DC700434770 /* AppDelegate.swift */,
				91234E8F20570DC700434770 /* ViewController.swift */,
				91234E9120570DC700434770 /* Main.storyboard */,
				91234E9420570DC700434770 /* Assets.xcassets */,
				91234E9620570DC700434770 /* LaunchScreen.storyboard */,
				91234E9920570DC700434770 /* Info.plist */,
			);
			path = RedditClient;
			sourceTree = "<group>";
		};
		91234EA120570DC700434770 /* RedditClientTests */ = {
			isa = PBXGroup;
			children = (
				91234EA220570DC700434770 /* RedditClientTests.swift */,
				91234EA420570DC700434770 /* Info.plist */,
			);
			path = RedditClientTests;
			sourceTree = "<group>";
		};
/* End PBXGroup section */

/* Begin PBXNativeTarget section */
		91234E8920570DC700434770 /* RedditClient */ = {
			isa = PBXNativeTarget;
			buildConfigurationList = 91234EA720570DC700434770 /* Build configuration list for PBXNativeTarget "RedditClient" */;
			buildPhases = (
				91234E8620570DC700434770 /* Sources */,
				91234E8720570DC700434770 /* Frameworks */,
				91234E8820570DC700434770 /* Resources */,
			);
			buildRules = (
			);
			dependencies = (
			);
			name = RedditClient;
			productName = RedditClient;
			productReference = 91234E8A20570DC700434770 /* RedditClient.app */;
			productType = "com.apple.product-type.application";
		};
		91234E9D20570DC700434770 /* RedditClientTests */ = {
			isa = PBXNativeTarget;
			buildConfigurationList = 91234EAA20570DC700434770 /* Build configuration list for PBXNativeTarget "RedditClientTests" */;
			buildPhases = (
				91234E9A20570DC700434770 /* Sources */,
				91234E9B20570DC700434770 /* Frameworks */,
				91234E9C20570DC700434770 /* Resources */,
			);
			buildRules = (
			);
			dependencies = (
				91234EA020570DC700434770 /* PBXTargetDependency */,
			);
			name = RedditClientTests;
			productName = RedditClientTests;
			productReference = 91234E9E20570DC700434770 /* RedditClientTests.xctest */;
			productType = "com.apple.product-type.bundle.unit-test";
		};
/* End PBXNativeTarget section */

/* Begin PBXProject section */
		91234E8220570DC700434770 /* Project object */ = {
			isa = PBXProject;
			attributes = {
				LastSwiftUpdateCheck = 0920;
				LastUpgradeCheck = 0920;
				ORGANIZATIONNAME = wonderbeard;
				TargetAttributes = {
					91234E8920570DC700434770 = {
						CreatedOnToolsVersion = 9.2;
						ProvisioningStyle = Automatic;
					};
					91234E9D20570DC700434770 = {
						CreatedOnToolsVersion = 9.2;
						ProvisioningStyle = Automatic;
						TestTargetID = 91234E8920570DC700434770;
					};
				};
			};
			buildConfigurationList = 91234E8520570DC700434770 /* Build configuration list for PBXProject "RedditClient" */;
			compatibilityVersion = "Xcode 8.0";
			developmentRegion = en;
			hasScannedForEncodings = 0;
			knownRegions = (
				en,
				Base,
			);
			mainGroup = 91234E8120570DC700434770;
			productRefGroup = 91234E8B20570DC700434770 /* Products */;
			projectDirPath = "";
			projectRoot = "";
			targets = (
				91234E8920570DC700434770 /* RedditClient */,
				91234E9D20570DC700434770 /* RedditClientTests */,
			);
		};
/* End PBXProject section */

/* Begin PBXResourcesBuildPhase section */
		91234E8820570DC700434770 /* Resources */ = {
			isa = PBXResourcesBuildPhase;
			buildActionMask = 2147483647;
			files = (
				91234E9820570DC700434770 /* LaunchScreen.storyboard in Resources */,
				91234E9520570DC700434770 /* Assets.xcassets in Resources */,
				91234E9320570DC700434770 /* Main.storyboard in Resources */,
			);
			runOnlyForDeploymentPostprocessing = 0;
		};
		91234E9C20570DC700434770 /* Resources */ = {
			isa = PBXResourcesBuildPhase;
			buildActionMask = 2147483647;
			files = (
			);
			runOnlyForDeploymentPostprocessing = 0;
		};
/* End PBXResourcesBuildPhase section */

/* Begin PBXSourcesBuildPhase section */
		91234E8620570DC700434770 /* Sources */ = {
			isa = PBXSourcesBuildPhase;
			buildActionMask = 2147483647;
			files = (
				91234E9020570DC700434770 /* ViewController.swift in Sources */,
				91234E8E20570DC700434770 /* AppDelegate.swift in Sources */,
			);
			runOnlyForDeploymentPostprocessing = 0;
		};
		91234E9A20570DC700434770 /* Sources */ = {
			isa = PBXSourcesBuildPhase;
			buildActionMask = 2147483647;
			files = (
				91234EA320570DC700434770 /* RedditClientTests.swift in Sources */,
			);
			runOnlyForDeploymentPostprocessing = 0;
		};
/* End PBXSourcesBuildPhase section */

/* Begin PBXTargetDependency section */
		91234EA020570DC700434770 /* PBXTargetDependency */ = {
			isa = PBXTargetDependency;
			target = 91234E8920570DC700434770 /* RedditClient */;
			targetProxy = 91234E9F20570DC700434770 /* PBXContainerItemProxy */;
		};
/* End PBXTargetDependency section */

/* Begin PBXVariantGroup section */
		91234E9120570DC700434770 /* Main.storyboard */ = {
			isa = PBXVariantGroup;
			children = (
				91234E9220570DC700434770 /* Base */,
			);
			name = Main.storyboard;
			sourceTree = "<group>";
		};
		91234E9620570DC700434770 /* LaunchScreen.storyboard */ = {
			isa = PBXVariantGroup;
			children = (
				91234E9720570DC700434770 /* Base */,
			);
			name = LaunchScreen.storyboard;
			sourceTree = "<group>";
		};
/* End PBXVariantGroup section */

/* Begin XCBuildConfiguration section */
		91234EA520570DC700434770 /* Debug */ = {
			isa = XCBuildConfiguration;
			buildSettings = {
				ALWAYS_SEARCH_USER_PATHS = NO;
				CLANG_ANALYZER_NONNULL = YES;
				CLANG_ANALYZER_NUMBER_OBJECT_CONVERSION = YES_AGGRESSIVE;
				CLANG_CXX_LANGUAGE_STANDARD = "gnu++14";
				CLANG_CXX_LIBRARY = "libc++";
				CLANG_ENABLE_MODULES = YES;
				CLANG_ENABLE_OBJC_ARC = YES;
				CLANG_WARN_BLOCK_CAPTURE_AUTORELEASING = YES;
				CLANG_WARN_BOOL_CONVERSION = YES;
				CLANG_WARN_COMMA = YES;
				CLANG_WARN_CONSTANT_CONVERSION = YES;
				CLANG_WARN_DIRECT_OBJC_ISA_USAGE = YES_ERROR;
				CLANG_WARN_DOCUMENTATION_COMMENTS = YES;
				CLANG_WARN_EMPTY_BODY = YES;
				CLANG_WARN_ENUM_CONVERSION = YES;
				CLANG_WARN_INFINITE_RECURSION = YES;
				CLANG_WARN_INT_CONVERSION = YES;
				CLANG_WARN_NON_LITERAL_NULL_CONVERSION = YES;
				CLANG_WARN_OBJC_LITERAL_CONVERSION = YES;
				CLANG_WARN_OBJC_ROOT_CLASS = YES_ERROR;
				CLANG_WARN_RANGE_LOOP_ANALYSIS = YES;
				CLANG_WARN_STRICT_PROTOTYPES = YES;
				CLANG_WARN_SUSPICIOUS_MOVE = YES;
				CLANG_WARN_UNGUARDED_AVAILABILITY = YES_AGGRESSIVE;
				CLANG_WARN_UNREACHABLE_CODE = YES;
				CLANG_WARN__DUPLICATE_METHOD_MATCH = YES;
				CODE_SIGN_IDENTITY = "iPhone Developer";
				COPY_PHASE_STRIP = NO;
				DEBUG_INFORMATION_FORMAT = dwarf;
				ENABLE_STRICT_OBJC_MSGSEND = YES;
				ENABLE_TESTABILITY = YES;
				GCC_C_LANGUAGE_STANDARD = gnu11;
				GCC_DYNAMIC_NO_PIC = NO;
				GCC_NO_COMMON_BLOCKS = YES;
				GCC_OPTIMIZATION_LEVEL = 0;
				GCC_PREPROCESSOR_DEFINITIONS = (
					"DEBUG=1",
					"$(inherited)",
				);
				GCC_WARN_64_TO_32_BIT_CONVERSION = YES;
				GCC_WARN_ABOUT_RETURN_TYPE = YES_ERROR;
				GCC_WARN_UNDECLARED_SELECTOR = YES;
				GCC_WARN_UNINITIALIZED_AUTOS = YES_AGGRESSIVE;
				GCC_WARN_UNUSED_FUNCTION = YES;
				GCC_WARN_UNUSED_VARIABLE = YES;
				IPHONEOS_DEPLOYMENT_TARGET = 11.2;
				MTL_ENABLE_DEBUG_INFO = YES;
				ONLY_ACTIVE_ARCH = YES;
				SDKROOT = iphoneos;
				SWIFT_ACTIVE_COMPILATION_CONDITIONS = DEBUG;
				SWIFT_OPTIMIZATION_LEVEL = "-Onone";
			};
			name = Debug;
		};
		91234EA620570DC700434770 /* Release */ = {
			isa = XCBuildConfiguration;
			buildSettings = {
				ALWAYS_SEARCH_USER_PATHS = NO;
				CLANG_ANALYZER_NONNULL = YES;
				CLANG_ANALYZER_NUMBER_OBJECT_CONVERSION = YES_AGGRESSIVE;
				CLANG_CXX_LANGUAGE_STANDARD = "gnu++14";
				CLANG_CXX_LIBRARY = "libc++";
				CLANG_ENABLE_MODULES = YES;
				CLANG_ENABLE_OBJC_ARC = YES;
				CLANG_WARN_BLOCK_CAPTURE_AUTORELEASING = YES;
				CLANG_WARN_BOOL_CONVERSION = YES;
				CLANG_WARN_COMMA = YES;
				CLANG_WARN_CONSTANT_CONVERSION = YES;
				CLANG_WARN_DIRECT_OBJC_ISA_USAGE = YES_ERROR;
				CLANG_WARN_DOCUMENTATION_COMMENTS = YES;
				CLANG_WARN_EMPTY_BODY = YES;
				CLANG_WARN_ENUM_CONVERSION = YES;
				CLANG_WARN_INFINITE_RECURSION = YES;
				CLANG_WARN_INT_CONVERSION = YES;
				CLANG_WARN_NON_LITERAL_NULL_CONVERSION = YES;
				CLANG_WARN_OBJC_LITERAL_CONVERSION = YES;
				CLANG_WARN_OBJC_ROOT_CLASS = YES_ERROR;
				CLANG_WARN_RANGE_LOOP_ANALYSIS = YES;
				CLANG_WARN_STRICT_PROTOTYPES = YES;
				CLANG_WARN_SUSPICIOUS_MOVE = YES;
				CLANG_WARN_UNGUARDED_AVAILABILITY = YES_AGGRESSIVE;
				CLANG_WARN_UNREACHABLE_CODE = YES;
				CLANG_WARN__DUPLICATE_METHOD_MATCH = YES;
				CODE_SIGN_IDENTITY = "iPhone Developer";
				COPY_PHASE_STRIP = NO;
				DEBUG_INFORMATION_FORMAT = "dwarf-with-dsym";
				ENABLE_NS_ASSERTIONS = NO;
				ENABLE_STRICT_OBJC_MSGSEND = YES;
				GCC_C_LANGUAGE_STANDARD = gnu11;
				GCC_NO_COMMON_BLOCKS = YES;
				GCC_WARN_64_TO_32_BIT_CONVERSION = YES;
				GCC_WARN_ABOUT_RETURN_TYPE = YES_ERROR;
				GCC_WARN_UNDECLARED_SELECTOR = YES;
				GCC_WARN_UNINITIALIZED_AUTOS = YES_AGGRESSIVE;
				GCC_WARN_UNUSED_FUNCTION = YES;
				GCC_WARN_UNUSED_VARIABLE = YES;
				IPHONEOS_DEPLOYMENT_TARGET = 11.2;
				MTL_ENABLE_DEBUG_INFO = NO;
				SDKROOT = iphoneos;
				SWIFT_OPTIMIZATION_LEVEL = "-Owholemodule";
				VALIDATE_PRODUCT = YES;
			};
			name = Release;
		};
		91234EA820570DC700434770 /* Debug */ = {
			isa = XCBuildConfiguration;
			buildSettings = {
				ASSETCATALOG_COMPILER_APPICON_NAME = AppIcon;
				CODE_SIGN_STYLE = Automatic;
				DEVELOPMENT_TEAM = 68RDDPSR29;
				INFOPLIST_FILE = RedditClient/Info.plist;
				LD_RUNPATH_SEARCH_PATHS = "$(inherited) @executable_path/Frameworks";
				PRODUCT_BUNDLE_IDENTIFIER = com.wonderbeard.RedditClient;
				PRODUCT_NAME = "$(TARGET_NAME)";
				SWIFT_VERSION = 4.0;
				TARGETED_DEVICE_FAMILY = "1,2";
			};
			name = Debug;
		};
		91234EA920570DC700434770 /* Release */ = {
			isa = XCBuildConfiguration;
			buildSettings = {
				ASSETCATALOG_COMPILER_APPICON_NAME = AppIcon;
				CODE_SIGN_STYLE = Automatic;
				DEVELOPMENT_TEAM = 68RDDPSR29;
				INFOPLIST_FILE = RedditClient/Info.plist;
				LD_RUNPATH_SEARCH_PATHS = "$(inherited) @executable_path/Frameworks";
				PRODUCT_BUNDLE_IDENTIFIER = com.wonderbeard.RedditClient;
				PRODUCT_NAME = "$(TARGET_NAME)";
				SWIFT_VERSION = 4.0;
				TARGETED_DEVICE_FAMILY = "1,2";
			};
			name = Release;
		};
		91234EAB20570DC700434770 /* Debug */ = {
			isa = XCBuildConfiguration;
			buildSettings = {
				ALWAYS_EMBED_SWIFT_STANDARD_LIBRARIES = YES;
				BUNDLE_LOADER = "$(TEST_HOST)";
				CODE_SIGN_STYLE = Automatic;
				DEVELOPMENT_TEAM = 68RDDPSR29;
				INFOPLIST_FILE = RedditClientTests/Info.plist;
				LD_RUNPATH_SEARCH_PATHS = "$(inherited) @executable_path/Frameworks @loader_path/Frameworks";
				PRODUCT_BUNDLE_IDENTIFIER = com.wonderbeard.RedditClientTests;
				PRODUCT_NAME = "$(TARGET_NAME)";
				SWIFT_VERSION = 4.0;
				TARGETED_DEVICE_FAMILY = "1,2";
				TEST_HOST = "$(BUILT_PRODUCTS_DIR)/RedditClient.app/RedditClient";
			};
			name = Debug;
		};
		91234EAC20570DC700434770 /* Release */ = {
			isa = XCBuildConfiguration;
			buildSettings = {
				ALWAYS_EMBED_SWIFT_STANDARD_LIBRARIES = YES;
				BUNDLE_LOADER = "$(TEST_HOST)";
				CODE_SIGN_STYLE = Automatic;
				DEVELOPMENT_TEAM = 68RDDPSR29;
				INFOPLIST_FILE = RedditClientTests/Info.plist;
				LD_RUNPATH_SEARCH_PATHS = "$(inherited) @executable_path/Frameworks @loader_path/Frameworks";
				PRODUCT_BUNDLE_IDENTIFIER = com.wonderbeard.RedditClientTests;
				PRODUCT_NAME = "$(TARGET_NAME)";
				SWIFT_VERSION = 4.0;
				TARGETED_DEVICE_FAMILY = "1,2";
				TEST_HOST = "$(BUILT_PRODUCTS_DIR)/RedditClient.app/RedditClient";
			};
			name = Release;
		};
/* End XCBuildConfiguration section */

/* Begin XCConfigurationList section */
		91234E8520570DC700434770 /* Build configuration list for PBXProject "RedditClient" */ = {
			isa = XCConfigurationList;
			buildConfigurations = (
				91234EA520570DC700434770 /* Debug */,
				91234EA620570DC700434770 /* Release */,
			);
			defaultConfigurationIsVisible = 0;
			defaultConfigurationName = Release;
		};
		91234EA720570DC700434770 /* Build configuration list for PBXNativeTarget "RedditClient" */ = {
			isa = XCConfigurationList;
			buildConfigurations = (
				91234EA820570DC700434770 /* Debug */,
				91234EA920570DC700434770 /* Release */,
			);
			defaultConfigurationIsVisible = 0;
			defaultConfigurationName = Release;
		};
		91234EAA20570DC700434770 /* Build configuration list for PBXNativeTarget "RedditClientTests" */ = {
			isa = XCConfigurationList;
			buildConfigurations = (
				91234EAB20570DC700434770 /* Debug */,
				91234EAC20570DC700434770 /* Release */,
			);
			defaultConfigurationIsVisible = 0;
			defaultConfigurationName = Release;
		};
/* End XCConfigurationList section */
	};
	rootObject = 91234E8220570DC700434770 /* Project object */;
}
